// !$*UTF8*$!
{
	archiveVersion = 1;
	classes = {
	};
	objectVersion = 56;
	objects = {

/* Begin PBXBuildFile section */
		CE466AB328E2DE3A00B1E4E4 /* AppDelegate.m in Sources */ = {isa = PBXBuildFile; fileRef = CE466AB228E2DE3A00B1E4E4 /* AppDelegate.m */; };
		CE466AB928E2DE3A00B1E4E4 /* ViewController.m in Sources */ = {isa = PBXBuildFile; fileRef = CE466AB828E2DE3A00B1E4E4 /* ViewController.m */; };
		CE466ABE28E2DE3C00B1E4E4 /* Assets.xcassets in Resources */ = {isa = PBXBuildFile; fileRef = CE466ABD28E2DE3C00B1E4E4 /* Assets.xcassets */; };
		CE466AC128E2DE3C00B1E4E4 /* LaunchScreen.storyboard in Resources */ = {isa = PBXBuildFile; fileRef = CE466ABF28E2DE3C00B1E4E4 /* LaunchScreen.storyboard */; };
		CE466AC428E2DE3C00B1E4E4 /* main.m in Sources */ = {isa = PBXBuildFile; fileRef = CE466AC328E2DE3C00B1E4E4 /* main.m */; };
		CE466AD228E2DF5900B1E4E4 /* ZWGuidePageView.m in Sources */ = {isa = PBXBuildFile; fileRef = CE466AD128E2DF5900B1E4E4 /* ZWGuidePageView.m */; };
		CE4F731B28E41CB8006B8E50 /* MainViewController.m in Sources */ = {isa = PBXBuildFile; fileRef = CE4F731A28E41CB8006B8E50 /* MainViewController.m */; };
/* End PBXBuildFile section */

/* Begin PBXFileReference section */
		CE466AAE28E2DE3A00B1E4E4 /* ZWGuidePage.app */ = {isa = PBXFileReference; explicitFileType = wrapper.application; includeInIndex = 0; path = ZWGuidePage.app; sourceTree = BUILT_PRODUCTS_DIR; };
		CE466AB128E2DE3A00B1E4E4 /* AppDelegate.h */ = {isa = PBXFileReference; lastKnownFileType = sourcecode.c.h; path = AppDelegate.h; sourceTree = "<group>"; };
		CE466AB228E2DE3A00B1E4E4 /* AppDelegate.m */ = {isa = PBXFileReference; lastKnownFileType = sourcecode.c.objc; path = AppDelegate.m; sourceTree = "<group>"; };
		CE466AB728E2DE3A00B1E4E4 /* ViewController.h */ = {isa = PBXFileReference; lastKnownFileType = sourcecode.c.h; path = ViewController.h; sourceTree = "<group>"; };
		CE466AB828E2DE3A00B1E4E4 /* ViewController.m */ = {isa = PBXFileReference; lastKnownFileType = sourcecode.c.objc; path = ViewController.m; sourceTree = "<group>"; };
		CE466ABD28E2DE3C00B1E4E4 /* Assets.xcassets */ = {isa = PBXFileReference; lastKnownFileType = folder.assetcatalog; path = Assets.xcassets; sourceTree = "<group>"; };
		CE466AC028E2DE3C00B1E4E4 /* Base */ = {isa = PBXFileReference; lastKnownFileType = file.storyboard; name = Base; path = Base.lproj/LaunchScreen.storyboard; sourceTree = "<group>"; };
		CE466AC228E2DE3C00B1E4E4 /* Info.plist */ = {isa = PBXFileReference; lastKnownFileType = text.plist.xml; path = Info.plist; sourceTree = "<group>"; };
		CE466AC328E2DE3C00B1E4E4 /* main.m */ = {isa = PBXFileReference; lastKnownFileType = sourcecode.c.objc; path = main.m; sourceTree = "<group>"; };
		CE466AD028E2DF5900B1E4E4 /* ZWGuidePageView.h */ = {isa = PBXFileReference; lastKnownFileType = sourcecode.c.h; path = ZWGuidePageView.h; sourceTree = "<group>"; };
		CE466AD128E2DF5900B1E4E4 /* ZWGuidePageView.m */ = {isa = PBXFileReference; lastKnownFileType = sourcecode.c.objc; path = ZWGuidePageView.m; sourceTree = "<group>"; };
		CE4F731928E41CB8006B8E50 /* MainViewController.h */ = {isa = PBXFileReference; lastKnownFileType = sourcecode.c.h; path = MainViewController.h; sourceTree = "<group>"; };
		CE4F731A28E41CB8006B8E50 /* MainViewController.m */ = {isa = PBXFileReference; lastKnownFileType = sourcecode.c.objc; path = MainViewController.m; sourceTree = "<group>"; };
/* End PBXFileReference section */

/* Begin PBXFrameworksBuildPhase section */
		CE466AAB28E2DE3A00B1E4E4 /* Frameworks */ = {
			isa = PBXFrameworksBuildPhase;
			buildActionMask = 2147483647;
			files = (
			);
			runOnlyForDeploymentPostprocessing = 0;
		};
/* End PBXFrameworksBuildPhase section */

/* Begin PBXGroup section */
		CE466AA528E2DE3A00B1E4E4 = {
			isa = PBXGroup;
			children = (
				CE466AB028E2DE3A00B1E4E4 /* ZWGuidePage */,
				CE466AAF28E2DE3A00B1E4E4 /* Products */,
			);
			sourceTree = "<group>";
		};
		CE466AAF28E2DE3A00B1E4E4 /* Products */ = {
			isa = PBXGroup;
			children = (
				CE466AAE28E2DE3A00B1E4E4 /* ZWGuidePage.app */,
			);
			name = Products;
			sourceTree = "<group>";
		};
		CE466AB028E2DE3A00B1E4E4 /* ZWGuidePage */ = {
			isa = PBXGroup;
			children = (
				CE466AB128E2DE3A00B1E4E4 /* AppDelegate.h */,
				CE466AB228E2DE3A00B1E4E4 /* AppDelegate.m */,
				CE466AB728E2DE3A00B1E4E4 /* ViewController.h */,
				CE466AB828E2DE3A00B1E4E4 /* ViewController.m */,
				CE466AD028E2DF5900B1E4E4 /* ZWGuidePageView.h */,
				CE466AD128E2DF5900B1E4E4 /* ZWGuidePageView.m */,
				CE4F731928E41CB8006B8E50 /* MainViewController.h */,
				CE4F731A28E41CB8006B8E50 /* MainViewController.m */,
				CE466ABD28E2DE3C00B1E4E4 /* Assets.xcassets */,
				CE466ABF28E2DE3C00B1E4E4 /* LaunchScreen.storyboard */,
				CE466AC228E2DE3C00B1E4E4 /* Info.plist */,
				CE466AC328E2DE3C00B1E4E4 /* main.m */,
			);
			path = ZWGuidePage;
			sourceTree = "<group>";
		};
/* End PBXGroup section */

/* Begin PBXNativeTarget section */
		CE466AAD28E2DE3A00B1E4E4 /* ZWGuidePage */ = {
			isa = PBXNativeTarget;
			buildConfigurationList = CE466AC728E2DE3C00B1E4E4 /* Build configuration list for PBXNativeTarget "ZWGuidePage" */;
			buildPhases = (
				CE466AAA28E2DE3A00B1E4E4 /* Sources */,
				CE466AAB28E2DE3A00B1E4E4 /* Frameworks */,
				CE466AAC28E2DE3A00B1E4E4 /* Resources */,
			);
			buildRules = (
			);
			dependencies = (
			);
			name = ZWGuidePage;
			productName = ZWGuidePage;
			productReference = CE466AAE28E2DE3A00B1E4E4 /* ZWGuidePage.app */;
			productType = "com.apple.product-type.application";
		};
/* End PBXNativeTarget section */

/* Begin PBXProject section */
		CE466AA628E2DE3A00B1E4E4 /* Project object */ = {
			isa = PBXProject;
			attributes = {
				BuildIndependentTargetsInParallel = 1;
				LastUpgradeCheck = 1400;
				TargetAttributes = {
					CE466AAD28E2DE3A00B1E4E4 = {
						CreatedOnToolsVersion = 14.0.1;
					};
				};
			};
			buildConfigurationList = CE466AA928E2DE3A00B1E4E4 /* Build configuration list for PBXProject "ZWGuidePage" */;
			compatibilityVersion = "Xcode 14.0";
			developmentRegion = en;
			hasScannedForEncodings = 0;
			knownRegions = (
				en,
				Base,
			);
			mainGroup = CE466AA528E2DE3A00B1E4E4;
			productRefGroup = CE466AAF28E2DE3A00B1E4E4 /* Products */;
			projectDirPath = "";
			projectRoot = "";
			targets = (
				CE466AAD28E2DE3A00B1E4E4 /* ZWGuidePage */,
			);
		};
/* End PBXProject section */

/* Begin PBXResourcesBuildPhase section */
		CE466AAC28E2DE3A00B1E4E4 /* Resources */ = {
			isa = PBXResourcesBuildPhase;
			buildActionMask = 2147483647;
			files = (
				CE466AC128E2DE3C00B1E4E4 /* LaunchScreen.storyboard in Resources */,
				CE466ABE28E2DE3C00B1E4E4 /* Assets.xcassets in Resources */,
			);
			runOnlyForDeploymentPostprocessing = 0;
		};
/* End PBXResourcesBuildPhase section */

/* Begin PBXSourcesBuildPhase section */
		CE466AAA28E2DE3A00B1E4E4 /* Sources */ = {
			isa = PBXSourcesBuildPhase;
			buildActionMask = 2147483647;
			files = (
				CE466AB928E2DE3A00B1E4E4 /* ViewController.m in Sources */,
				CE466AB328E2DE3A00B1E4E4 /* AppDelegate.m in Sources */,
				CE466AC428E2DE3C00B1E4E4 /* main.m in Sources */,
				CE4F731B28E41CB8006B8E50 /* MainViewController.m in Sources */,
				CE466AD228E2DF5900B1E4E4 /* ZWGuidePageView.m in Sources */,
			);
			runOnlyForDeploymentPostprocessing = 0;
		};
/* End PBXSourcesBuildPhase section */

/* Begin PBXVariantGroup section */
		CE466ABF28E2DE3C00B1E4E4 /* LaunchScreen.storyboard */ = {
			isa = PBXVariantGroup;
			children = (
				CE466AC028E2DE3C00B1E4E4 /* Base */,
			);
			name = LaunchScreen.storyboard;
			sourceTree = "<group>";
		};
/* End PBXVariantGroup section */

/* Begin XCBuildConfiguration section */
		CE466AC528E2DE3C00B1E4E4 /* Debug */ = {
			isa = XCBuildConfiguration;
			buildSettings = {
				ALWAYS_SEARCH_USER_PATHS = NO;
				CLANG_ANALYZER_NONNULL = YES;
				CLANG_ANALYZER_NUMBER_OBJECT_CONVERSION = YES_AGGRESSIVE;
				CLANG_CXX_LANGUAGE_STANDARD = "gnu++20";
				CLANG_ENABLE_MODULES = YES;
				CLANG_ENABLE_OBJC_ARC = YES;
				CLANG_ENABLE_OBJC_WEAK = YES;
				CLANG_WARN_BLOCK_CAPTURE_AUTORELEASING = YES;
				CLANG_WARN_BOOL_CONVERSION = YES;
				CLANG_WARN_COMMA = YES;
				CLANG_WARN_CONSTANT_CONVERSION = YES;
				CLANG_WARN_DEPRECATED_OBJC_IMPLEMENTATIONS = YES;
				CLANG_WARN_DIRECT_OBJC_ISA_USAGE = YES_ERROR;
				CLANG_WARN_DOCUMENTATION_COMMENTS = YES;
				CLANG_WARN_EMPTY_BODY = YES;
				CLANG_WARN_ENUM_CONVERSION = YES;
				CLANG_WARN_INFINITE_RECURSION = YES;
				CLANG_WARN_INT_CONVERSION = YES;
				CLANG_WARN_NON_LITERAL_NULL_CONVERSION = YES;
				CLANG_WARN_OBJC_IMPLICIT_RETAIN_SELF = YES;
				CLANG_WARN_OBJC_LITERAL_CONVERSION = YES;
				CLANG_WARN_OBJC_ROOT_CLASS = YES_ERROR;
				CLANG_WARN_QUOTED_INCLUDE_IN_FRAMEWORK_HEADER = YES;
				CLANG_WARN_RANGE_LOOP_ANALYSIS = YES;
				CLANG_WARN_STRICT_PROTOTYPES = YES;
				CLANG_WARN_SUSPICIOUS_MOVE = YES;
				CLANG_WARN_UNGUARDED_AVAILABILITY = YES_AGGRESSIVE;
				CLANG_WARN_UNREACHABLE_CODE = YES;
				CLANG_WARN__DUPLICATE_METHOD_MATCH = YES;
				COPY_PHASE_STRIP = NO;
				DEBUG_INFORMATION_FORMAT = dwarf;
				ENABLE_STRICT_OBJC_MSGSEND = YES;
				ENABLE_TESTABILITY = YES;
				GCC_C_LANGUAGE_STANDARD = gnu11;
				GCC_DYNAMIC_NO_PIC = NO;
				GCC_NO_COMMON_BLOCKS = YES;
				GCC_OPTIMIZATION_LEVEL = 0;
				GCC_PREPROCESSOR_DEFINITIONS = (
					"DEBUG=1",
					"$(inherited)",
				);
				GCC_WARN_64_TO_32_BIT_CONVERSION = YES;
				GCC_WARN_ABOUT_RETURN_TYPE = YES_ERROR;
				GCC_WARN_UNDECLARED_SELECTOR = YES;
				GCC_WARN_UNINITIALIZED_AUTOS = YES_AGGRESSIVE;
				GCC_WARN_UNUSED_FUNCTION = YES;
				GCC_WARN_UNUSED_VARIABLE = YES;
				IPHONEOS_DEPLOYMENT_TARGET = 16.0;
				MTL_ENABLE_DEBUG_INFO = INCLUDE_SOURCE;
				MTL_FAST_MATH = YES;
				ONLY_ACTIVE_ARCH = YES;
				SDKROOT = iphoneos;
			};
			name = Debug;
		};
		CE466AC628E2DE3C00B1E4E4 /* Release */ = {
			isa = XCBuildConfiguration;
			buildSettings = {
				ALWAYS_SEARCH_USER_PATHS = NO;
				CLANG_ANALYZER_NONNULL = YES;
				CLANG_ANALYZER_NUMBER_OBJECT_CONVERSION = YES_AGGRESSIVE;
				CLANG_CXX_LANGUAGE_STANDARD = "gnu++20";
				CLANG_ENABLE_MODULES = YES;
				CLANG_ENABLE_OBJC_ARC = YES;
				CLANG_ENABLE_OBJC_WEAK = YES;
				CLANG_WARN_BLOCK_CAPTURE_AUTORELEASING = YES;
				CLANG_WARN_BOOL_CONVERSION = YES;
				CLANG_WARN_COMMA = YES;
				CLANG_WARN_CONSTANT_CONVERSION = YES;
				CLANG_WARN_DEPRECATED_OBJC_IMPLEMENTATIONS = YES;
				CLANG_WARN_DIRECT_OBJC_ISA_USAGE = YES_ERROR;
				CLANG_WARN_DOCUMENTATION_COMMENTS = YES;
				CLANG_WARN_EMPTY_BODY = YES;
				CLANG_WARN_ENUM_CONVERSION = YES;
				CLANG_WARN_INFINITE_RECURSION = YES;
				CLANG_WARN_INT_CONVERSION = YES;
				CLANG_WARN_NON_LITERAL_NULL_CONVERSION = YES;
				CLANG_WARN_OBJC_IMPLICIT_RETAIN_SELF = YES;
				CLANG_WARN_OBJC_LITERAL_CONVERSION = YES;
				CLANG_WARN_OBJC_ROOT_CLASS = YES_ERROR;
				CLANG_WARN_QUOTED_INCLUDE_IN_FRAMEWORK_HEADER = YES;
				CLANG_WARN_RANGE_LOOP_ANALYSIS = YES;
				CLANG_WARN_STRICT_PROTOTYPES = YES;
				CLANG_WARN_SUSPICIOUS_MOVE = YES;
				CLANG_WARN_UNGUARDED_AVAILABILITY = YES_AGGRESSIVE;
				CLANG_WARN_UNREACHABLE_CODE = YES;
				CLANG_WARN__DUPLICATE_METHOD_MATCH = YES;
				COPY_PHASE_STRIP = NO;
				DEBUG_INFORMATION_FORMAT = "dwarf-with-dsym";
				ENABLE_NS_ASSERTIONS = NO;
				ENABLE_STRICT_OBJC_MSGSEND = YES;
				GCC_C_LANGUAGE_STANDARD = gnu11;
				GCC_NO_COMMON_BLOCKS = YES;
				GCC_WARN_64_TO_32_BIT_CONVERSION = YES;
				GCC_WARN_ABOUT_RETURN_TYPE = YES_ERROR;
				GCC_WARN_UNDECLARED_SELECTOR = YES;
				GCC_WARN_UNINITIALIZED_AUTOS = YES_AGGRESSIVE;
				GCC_WARN_UNUSED_FUNCTION = YES;
				GCC_WARN_UNUSED_VARIABLE = YES;
				IPHONEOS_DEPLOYMENT_TARGET = 16.0;
				MTL_ENABLE_DEBUG_INFO = NO;
				MTL_FAST_MATH = YES;
				SDKROOT = iphoneos;
				VALIDATE_PRODUCT = YES;
			};
			name = Release;
		};
		CE466AC828E2DE3C00B1E4E4 /* Debug */ = {
			isa = XCBuildConfiguration;
			buildSettings = {
				ASSETCATALOG_COMPILER_APPICON_NAME = AppIcon;
				ASSETCATALOG_COMPILER_GLOBAL_ACCENT_COLOR_NAME = AccentColor;
				CODE_SIGN_STYLE = Automatic;
				CURRENT_PROJECT_VERSION = 1;
				DEVELOPMENT_TEAM = 9KARD3S8BX;
				GENERATE_INFOPLIST_FILE = YES;
				INFOPLIST_FILE = ZWGuidePage/Info.plist;
				INFOPLIST_KEY_UIApplicationSupportsIndirectInputEvents = YES;
				INFOPLIST_KEY_UILaunchStoryboardName = LaunchScreen;
				INFOPLIST_KEY_UIMainStoryboardFile = "";
				INFOPLIST_KEY_UISupportedInterfaceOrientations_iPad = "UIInterfaceOrientationPortrait UIInterfaceOrientationPortraitUpsideDown UIInterfaceOrientationLandscapeLeft UIInterfaceOrientationLandscapeRight";
				INFOPLIST_KEY_UISupportedInterfaceOrientations_iPhone = "UIInterfaceOrientationPortrait UIInterfaceOrientationLandscapeLeft UIInterfaceOrientationLandscapeRight";
				IPHONEOS_DEPLOYMENT_TARGET = 13.0;
				LD_RUNPATH_SEARCH_PATHS = (
					"$(inherited)",
					"@executable_path/Frameworks",
				);
				MARKETING_VERSION = 1.0;
				PRODUCT_BUNDLE_IDENTIFIER = com.czw.ZWGuidePage;
				PRODUCT_NAME = "$(TARGET_NAME)";
				SWIFT_EMIT_LOC_STRINGS = YES;
				TARGETED_DEVICE_FAMILY = "1,2";
			};
			name = Debug;
		};
		CE466AC928E2DE3C00B1E4E4 /* Release */ = {
			isa = XCBuildConfiguration;
			buildSettings = {
				ASSETCATALOG_COMPILER_APPICON_NAME = AppIcon;
				ASSETCATALOG_COMPILER_GLOBAL_ACCENT_COLOR_NAME = AccentColor;
				CODE_SIGN_STYLE = Automatic;
				CURRENT_PROJECT_VERSION = 1;
				DEVELOPMENT_TEAM = 9KARD3S8BX;
				GENERATE_INFOPLIST_FILE = YES;
				INFOPLIST_FILE = ZWGuidePage/Info.plist;
				INFOPLIST_KEY_UIApplicationSupportsIndirectInputEvents = YES;
				INFOPLIST_KEY_UILaunchStoryboardName = LaunchScreen;
				INFOPLIST_KEY_UIMainStoryboardFile = "";
				INFOPLIST_KEY_UISupportedInterfaceOrientations_iPad = "UIInterfaceOrientationPortrait UIInterfaceOrientationPortraitUpsideDown UIInterfaceOrientationLandscapeLeft UIInterfaceOrientationLandscapeRight";
				INFOPLIST_KEY_UISupportedInterfaceOrientations_iPhone = "UIInterfaceOrientationPortrait UIInterfaceOrientationLandscapeLeft UIInterfaceOrientationLandscapeRight";
				IPHONEOS_DEPLOYMENT_TARGET = 13.0;
				LD_RUNPATH_SEARCH_PATHS = (
					"$(inherited)",
					"@executable_path/Frameworks",
				);
				MARKETING_VERSION = 1.0;
				PRODUCT_BUNDLE_IDENTIFIER = com.czw.ZWGuidePage;
				PRODUCT_NAME = "$(TARGET_NAME)";
				SWIFT_EMIT_LOC_STRINGS = YES;
				TARGETED_DEVICE_FAMILY = "1,2";
			};
			name = Release;
		};
/* End XCBuildConfiguration section */

/* Begin XCConfigurationList section */
		CE466AA928E2DE3A00B1E4E4 /* Build configuration list for PBXProject "ZWGuidePage" */ = {
			isa = XCConfigurationList;
			buildConfigurations = (
				CE466AC528E2DE3C00B1E4E4 /* Debug */,
				CE466AC628E2DE3C00B1E4E4 /* Release */,
			);
			defaultConfigurationIsVisible = 0;
			defaultConfigurationName = Release;
		};
		CE466AC728E2DE3C00B1E4E4 /* Build configuration list for PBXNativeTarget "ZWGuidePage" */ = {
			isa = XCConfigurationList;
			buildConfigurations = (
				CE466AC828E2DE3C00B1E4E4 /* Debug */,
				CE466AC928E2DE3C00B1E4E4 /* Release */,
			);
			defaultConfigurationIsVisible = 0;
			defaultConfigurationName = Release;
		};
/* End XCConfigurationList section */
	};
	rootObject = CE466AA628E2DE3A00B1E4E4 /* Project object */;
}
